# This file is automatically @generated by Cargo.
# It is not intended for manual editing.
version = 3

[[package]]
name = "linux-raw-sys"
version = "0.6.5"
source = "registry+https://github.com/rust-lang/crates.io-index"
checksum = "2a385b1be4e5c3e362ad2ffa73c392e53f031eaa5b7d648e64cd87f27f6063d7"

[[package]]
name = "rust_nightly_ice_repro"
version = "0.1.0"
dependencies = [
 "linux-raw-sys",
]
